
Microsoft Visual Studio Solution File, Format Version 12.00
# Visual Studio Version 16
VisualStudioVersion = 16.0.30804.86
MinimumVisualStudioVersion = 10.0.40219.1
Project("{FAE04EC0-301F-11D3-BF4B-00C04F79EFBC}") = "Question Two", "Question Two\Question Two.csproj", "{84DF7585-C557-488D-852C-B1DB90077327}"
EndProject
Global
	GlobalSection(SolutionConfigurationPlatforms) = preSolution
		Debug|Any CPU = Debug|Any CPU
		Release|Any CPU = Release|Any CPU
	EndGlobalSection
	GlobalSection(ProjectConfigurationPlatforms) = postSolution
		{84DF7585-C557-488D-852C-B1DB90077327}.Debug|Any CPU.ActiveCfg = Debug|Any CPU
		{84DF7585-C557-488D-852C-B1DB90077327}.Debug|Any CPU.Build.0 = Debug|Any CPU
		{84DF7585-C557-488D-852C-B1DB90077327}.Release|Any CPU.ActiveCfg = Release|Any CPU
		{84DF7585-C557-488D-852C-B1DB90077327}.Release|Any CPU.Build.0 = Release|Any CPU
	EndGlobalSection
	GlobalSection(SolutionProperties) = preSolution
		HideSolutionNode = FALSE
	EndGlobalSection
	GlobalSection(ExtensibilityGlobals) = postSolution
		SolutionGuid = {72156D0C-EF1A-4CB4-9915-C2DECC6C0E42}
	EndGlobalSection
EndGlobal
